<?xml version="1.0" encoding="utf-8"?>
<Project ToolsVersion="4.0" xmlns="http://schemas.microsoft.com/developer/msbuild/2003">
  <ItemGroup>
    <Filter Include="Source Files">
      <UniqueIdentifier>{4FC737F1-C7A5-4376-A066-2A32D752A2FF}</UniqueIdentifier>
      <Extensions>cpp;c;cc;cxx;def;odl;idl;hpj;bat;asm;asmx</Extensions>
    </Filter>
    <Filter Include="Header Files">
      <UniqueIdentifier>{93995380-89BD-4b04-88EB-625FBE52EBFB}</UniqueIdentifier>
      <Extensions>h;hpp;hxx;hm;inl;inc;xsd</Extensions>
    </Filter>
    <Filter Include="Resource Files">
      <UniqueIdentifier>{67DA6AB6-F800-4c08-8B7A-83BB121AAD01}</UniqueIdentifier>
      <Extensions>rc;ico;cur;bmp;dlg;rc2;rct;bin;rgs;gif;jpg;jpeg;jpe;resx;tiff;tif;png;wav;mfcribbon-ms</Extensions>
    </Filter>
    <Filter Include="Source Files\shaders">
      <UniqueIdentifier>{40489efa-c55c-4ea1-ada6-66731babc7ba}</UniqueIdentifier>
    </Filter>
    <Filter Include="Source Files\txt files">
      <UniqueIdentifier>{a4834dbb-fb4a-451b-9c3a-40e9660de0ab}</UniqueIdentifier>
    </Filter>
    <Filter Include="Source Files\obj files">
      <UniqueIdentifier>{ea8c4d37-105b-46c4-9e6b-fe6d74d0c73d}</UniqueIdentifier>
    </Filter>
    <Filter Include="Source Files\textures">
      <UniqueIdentifier>{1eee5037-a54e-4aea-a6b3-9e318cf0a62b}</UniqueIdentifier>
    </Filter>
  </ItemGroup>
  <ItemGroup>
    <None Include="shaders\light.frag.glsl">
      <Filter>Source Files\shaders</Filter>
    </None>
    <None Include="shaders\light.vert.glsl">
      <Filter>Source Files\shaders</Filter>
    </None>
    <None Include="hw4scene.txt">
      <Filter>Source Files\txt files</Filter>
    </None>
    <None Include="table_top.txt">
      <Filter>Source Files\obj files</Filter>
    </None>
    <None Include="human.txt">
      <Filter>Source Files\obj files</Filter>
    </None>
    <None Include="table_rest.txt">
      <Filter>Source Files\obj files</Filter>
    </None>
    <None Include="box.txt">
      <Filter>Source Files\obj files</Filter>
    </None>
    <None Include="floor.raw">
      <Filter>Source Files\textures</Filter>
    </None>
    <None Include="no_dogs_sign.raw">
      <Filter>Source Files\textures</Filter>
    </None>
    <None Include="cue.txt">
      <Filter>Source Files\obj files</Filter>
    </None>
  </ItemGroup>
  <ItemGroup>
    <ClCompile Include="display.cpp">
      <Filter>Source Files</Filter>
    </ClCompile>
    <ClCompile Include="main.cpp">
      <Filter>Source Files</Filter>
    </ClCompile>
    <ClCompile Include="readfile.cpp">
      <Filter>Source Files</Filter>
    </ClCompile>
    <ClCompile Include="readOBJ.cpp">
      <Filter>Source Files</Filter>
    </ClCompile>
    <ClCompile Include="serial_dynamics.cpp">
      <Filter>Source Files</Filter>
    </ClCompile>
    <ClCompile Include="shaders.cpp">
      <Filter>Source Files</Filter>
    </ClCompile>
    <ClCompile Include="timing.cpp">
      <Filter>Source Files</Filter>
    </ClCompile>
    <ClCompile Include="Transform.cpp">
      <Filter>Source Files</Filter>
    </ClCompile>
    <ClCompile Include="table_dynamics.cpp">
      <Filter>Source Files</Filter>
    </ClCompile>
    <ClCompile Include="free_image_load_texture.cpp">
      <Filter>Source Files</Filter>
    </ClCompile>
    <ClCompile Include="read_raw.cpp">
      <Filter>Source Files</Filter>
    </ClCompile>
  </ItemGroup>
  <ItemGroup>
    <ClInclude Include="readfile.h">
      <Filter>Header Files</Filter>
    </ClInclude>
    <ClInclude Include="readOBJ.h">
      <Filter>Header Files</Filter>
    </ClInclude>
    <ClInclude Include="serial_dynamics.h">
      <Filter>Header Files</Filter>
    </ClInclude>
    <ClInclude Include="shaders.h">
      <Filter>Header Files</Filter>
    </ClInclude>
    <ClInclude Include="timing.h">
      <Filter>Header Files</Filter>
    </ClInclude>
    <ClInclude Include="Transform.h">
      <Filter>Header Files</Filter>
    </ClInclude>
    <ClInclude Include="variables.h">
      <Filter>Header Files</Filter>
    </ClInclude>
    <ClInclude Include="table_dynamics.h">
      <Filter>Header Files</Filter>
    </ClInclude>
    <ClInclude Include="read_raw.h">
      <Filter>Header Files</Filter>
    </ClInclude>
  </ItemGroup>
</Project>